
Microsoft Visual Studio Solution File, Format Version 12.00
# Visual Studio 2013
VisualStudioVersion = 12.0.21005.1
MinimumVisualStudioVersion = 10.0.40219.1
Project("{FAE04EC0-301F-11D3-BF4B-00C04F79EFBC}") = "ThirteenDaysAWeek.TypeLoadFromString", "ThirteenDaysAWeek.TypeLoadFromString\ThirteenDaysAWeek.TypeLoadFromString.csproj", "{F91267BA-A460-4DB5-B8A5-F4C059B01598}"
EndProject
Project("{FAE04EC0-301F-11D3-BF4B-00C04F79EFBC}") = "ThirteenDaysAWeek.TypeLoadFromString.Tests", "ThirteenDaysAWeek.TypeLoadFromString.Tests\ThirteenDaysAWeek.TypeLoadFromString.Tests.csproj", "{A08DCC47-A23E-4F67-90AE-29055C465D32}"
EndProject
Global
	GlobalSection(SolutionConfigurationPlatforms) = preSolution
		Debug|Any CPU = Debug|Any CPU
		Release|Any CPU = Release|Any CPU
	EndGlobalSection
	GlobalSection(ProjectConfigurationPlatforms) = postSolution
		{F91267BA-A460-4DB5-B8A5-F4C059B01598}.Debug|Any CPU.ActiveCfg = Debug|Any CPU
		{F91267BA-A460-4DB5-B8A5-F4C059B01598}.Debug|Any CPU.Build.0 = Debug|Any CPU
		{F91267BA-A460-4DB5-B8A5-F4C059B01598}.Release|Any CPU.ActiveCfg = Release|Any CPU
		{F91267BA-A460-4DB5-B8A5-F4C059B01598}.Release|Any CPU.Build.0 = Release|Any CPU
		{A08DCC47-A23E-4F67-90AE-29055C465D32}.Debug|Any CPU.ActiveCfg = Debug|Any CPU
		{A08DCC47-A23E-4F67-90AE-29055C465D32}.Debug|Any CPU.Build.0 = Debug|Any CPU
		{A08DCC47-A23E-4F67-90AE-29055C465D32}.Release|Any CPU.ActiveCfg = Release|Any CPU
		{A08DCC47-A23E-4F67-90AE-29055C465D32}.Release|Any CPU.Build.0 = Release|Any CPU
	EndGlobalSection
	GlobalSection(SolutionProperties) = preSolution
		HideSolutionNode = FALSE
	EndGlobalSection
EndGlobal
